
Microsoft Visual Studio Solution File, Format Version 12.00
# Visual Studio 15
VisualStudioVersion = 15.0.27703.2035
MinimumVisualStudioVersion = 10.0.40219.1
Project("{FAE04EC0-301F-11D3-BF4B-00C04F79EFBC}") = "HRZ Generator", "HRZ Generator\HRZ Generator.csproj", "{BDBCE602-75E8-4147-9002-901D16C32655}"
EndProject
Global
	GlobalSection(SolutionConfigurationPlatforms) = preSolution
		Debug|Any CPU = Debug|Any CPU
		Release|Any CPU = Release|Any CPU
	EndGlobalSection
	GlobalSection(ProjectConfigurationPlatforms) = postSolution
		{BDBCE602-75E8-4147-9002-901D16C32655}.Debug|Any CPU.ActiveCfg = Debug|Any CPU
		{BDBCE602-75E8-4147-9002-901D16C32655}.Debug|Any CPU.Build.0 = Debug|Any CPU
		{BDBCE602-75E8-4147-9002-901D16C32655}.Release|Any CPU.ActiveCfg = Release|Any CPU
		{BDBCE602-75E8-4147-9002-901D16C32655}.Release|Any CPU.Build.0 = Release|Any CPU
	EndGlobalSection
	GlobalSection(SolutionProperties) = preSolution
		HideSolutionNode = FALSE
	EndGlobalSection
	GlobalSection(ExtensibilityGlobals) = postSolution
		SolutionGuid = {19CEC982-AF1C-47AE-8FF1-64EA1FA73959}
	EndGlobalSection
EndGlobal
